
Microsoft Visual Studio Solution File, Format Version 12.00
# Visual Studio Version 17
VisualStudioVersion = 17.7.34031.279
MinimumVisualStudioVersion = 10.0.40219.1
Project("{FAE04EC0-301F-11D3-BF4B-00C04F79EFBC}") = "Azn-Usd", "Azn-Usd\Azn-Usd.csproj", "{D2B71A50-0C11-4702-81B5-59B7C147D0F5}"
EndProject
Global
	GlobalSection(SolutionConfigurationPlatforms) = preSolution
		Debug|Any CPU = Debug|Any CPU
		Release|Any CPU = Release|Any CPU
	EndGlobalSection
	GlobalSection(ProjectConfigurationPlatforms) = postSolution
		{D2B71A50-0C11-4702-81B5-59B7C147D0F5}.Debug|Any CPU.ActiveCfg = Debug|Any CPU
		{D2B71A50-0C11-4702-81B5-59B7C147D0F5}.Debug|Any CPU.Build.0 = Debug|Any CPU
		{D2B71A50-0C11-4702-81B5-59B7C147D0F5}.Release|Any CPU.ActiveCfg = Release|Any CPU
		{D2B71A50-0C11-4702-81B5-59B7C147D0F5}.Release|Any CPU.Build.0 = Release|Any CPU
	EndGlobalSection
	GlobalSection(SolutionProperties) = preSolution
		HideSolutionNode = FALSE
	EndGlobalSection
	GlobalSection(ExtensibilityGlobals) = postSolution
		SolutionGuid = {2FCBF136-2EC4-4D19-A1EE-49949B40604A}
	EndGlobalSection
EndGlobal
